// !$*UTF8*$!
{
	archiveVersion = 1;
	classes = {
	};
	objectVersion = 56;
	objects = {

/* Begin PBXBuildFile section */
		A1000001000000000000001 /* MovrPlusApp.swift in Sources */ = {isa = PBXBuildFile; fileRef = A2000001000000000000001 /* MovrPlusApp.swift */; };
		A1000002000000000000001 /* ContentView.swift in Sources */ = {isa = PBXBuildFile; fileRef = A2000002000000000000001 /* ContentView.swift */; };
		A1000003000000000000001 /* Assets.xcassets in Resources */ = {isa = PBXBuildFile; fileRef = A2000003000000000000001 /* Assets.xcassets */; };
		A1000004000000000000001 /* Preview Assets.xcassets in Resources */ = {isa = PBXBuildFile; fileRef = A2000004000000000000001 /* Preview Assets.xcassets */; };
		A1000005000000000000001 /* AnimatedDropzone.swift in Sources */ = {isa = PBXBuildFile; fileRef = A2000005000000000000001 /* AnimatedDropzone.swift */; };
		A1000006000000000000001 /* BatchControlComponents.swift in Sources */ = {isa = PBXBuildFile; fileRef = A2000006000000000000001 /* BatchControlComponents.swift */; };
		A1000007000000000000001 /* BatchProcessingCoordinator.swift in Sources */ = {isa = PBXBuildFile; fileRef = A2000007000000000000001 /* BatchProcessingCoordinator.swift */; };
		A1000008000000000000001 /* BatchTypeSelector.swift in Sources */ = {isa = PBXBuildFile; fileRef = A2000008000000000000001 /* BatchTypeSelector.swift */; };
		A1000009000000000000001 /* DebouncedTextField.swift in Sources */ = {isa = PBXBuildFile; fileRef = A2000009000000000000001 /* DebouncedTextField.swift */; };
		A100000A000000000000001 /* DropAreaView.swift in Sources */ = {isa = PBXBuildFile; fileRef = A200000A000000000000001 /* DropAreaView.swift */; };
		A100000B000000000000001 /* FilterableFileList.swift in Sources */ = {isa = PBXBuildFile; fileRef = A200000B000000000000001 /* FilterableFileList.swift */; };
		A100000C000000000000001 /* HeaderView.swift in Sources */ = {isa = PBXBuildFile; fileRef = A200000C000000000000001 /* HeaderView.swift */; };
		A100000D000000000000001 /* ImageFile.swift in Sources */ = {isa = PBXBuildFile; fileRef = A200000D000000000000001 /* ImageFile.swift */; };
		A100000E000000000000001 /* ImageFileListView.swift in Sources */ = {isa = PBXBuildFile; fileRef = A200000E000000000000001 /* ImageFileListView.swift */; };
		A100000F000000000000001 /* ImageFileRow.swift in Sources */ = {isa = PBXBuildFile; fileRef = A200000F000000000000001 /* ImageFileRow.swift */; };
		A1000010000000000000001 /* ImageTypes.swift in Sources */ = {isa = PBXBuildFile; fileRef = A2000010000000000000001 /* ImageTypes.swift */; };
		A1000011000000000000001 /* KeyboardShortcuts.swift in Sources */ = {isa = PBXBuildFile; fileRef = A2000011000000000000001 /* KeyboardShortcuts.swift */; };
		A1000012000000000000001 /* LogViewer.swift in Sources */ = {isa = PBXBuildFile; fileRef = A2000012000000000000001 /* LogViewer.swift */; };
		A1000013000000000000001 /* MovrPlusViewModel.swift in Sources */ = {isa = PBXBuildFile; fileRef = A2000013000000000000001 /* MovrPlusViewModel.swift */; };
		A1000014000000000000001 /* ProcessButtonWithProgress.swift in Sources */ = {isa = PBXBuildFile; fileRef = A2000014000000000000001 /* ProcessButtonWithProgress.swift */; };
		A1000015000000000000001 /* ProcessingLog.swift in Sources */ = {isa = PBXBuildFile; fileRef = A2000015000000000000001 /* ProcessingLog.swift */; };
		A1000016000000000000001 /* RecentFilesManager.swift in Sources */ = {isa = PBXBuildFile; fileRef = A2000016000000000000001 /* RecentFilesManager.swift */; };
		A1000017000000000000001 /* StatusToast.swift in Sources */ = {isa = PBXBuildFile; fileRef = A2000017000000000000001 /* StatusToast.swift */; };
		A1000018000000000000001 /* ThumbnailManager.swift in Sources */ = {isa = PBXBuildFile; fileRef = A2000018000000000000001 /* ThumbnailManager.swift */; };
		A1000019000000000000001 /* WorkflowDialogs.swift in Sources */ = {isa = PBXBuildFile; fileRef = A2000019000000000000001 /* WorkflowDialogs.swift */; };
/* End PBXBuildFile section */

/* Begin PBXFileReference section */
		A3000001000000000000001 /* Movr Plus.app */ = {isa = PBXFileReference; explicitFileType = wrapper.application; includeInIndex = 0; path = "Movr Plus.app"; sourceTree = BUILT_PRODUCTS_DIR; };
		A2000001000000000000001 /* MovrPlusApp.swift */ = {isa = PBXFileReference; lastKnownFileType = sourcecode.swift; path = MovrPlusApp.swift; sourceTree = "<group>"; };
		A2000002000000000000001 /* ContentView.swift */ = {isa = PBXFileReference; lastKnownFileType = sourcecode.swift; path = ContentView.swift; sourceTree = "<group>"; };
		A2000003000000000000001 /* Assets.xcassets */ = {isa = PBXFileReference; lastKnownFileType = folder.assetcatalog; path = Assets.xcassets; sourceTree = "<group>"; };
		A2000004000000000000001 /* Preview Assets.xcassets */ = {isa = PBXFileReference; lastKnownFileType = folder.assetcatalog; path = "Preview Assets.xcassets"; sourceTree = "<group>"; };
		A2000005000000000000001 /* AnimatedDropzone.swift */ = {isa = PBXFileReference; lastKnownFileType = sourcecode.swift; path = AnimatedDropzone.swift; sourceTree = "<group>"; };
		A2000006000000000000001 /* BatchControlComponents.swift */ = {isa = PBXFileReference; lastKnownFileType = sourcecode.swift; path = BatchControlComponents.swift; sourceTree = "<group>"; };
		A2000007000000000000001 /* BatchProcessingCoordinator.swift */ = {isa = PBXFileReference; lastKnownFileType = sourcecode.swift; path = BatchProcessingCoordinator.swift; sourceTree = "<group>"; };
		A2000008000000000000001 /* BatchTypeSelector.swift */ = {isa = PBXFileReference; lastKnownFileType = sourcecode.swift; path = BatchTypeSelector.swift; sourceTree = "<group>"; };
		A2000009000000000000001 /* DebouncedTextField.swift */ = {isa = PBXFileReference; lastKnownFileType = sourcecode.swift; path = DebouncedTextField.swift; sourceTree = "<group>"; };
		A200000A000000000000001 /* DropAreaView.swift */ = {isa = PBXFileReference; lastKnownFileType = sourcecode.swift; path = DropAreaView.swift; sourceTree = "<group>"; };
		A200000B000000000000001 /* FilterableFileList.swift */ = {isa = PBXFileReference; lastKnownFileType = sourcecode.swift; path = FilterableFileList.swift; sourceTree = "<group>"; };
		A200000C000000000000001 /* HeaderView.swift */ = {isa = PBXFileReference; lastKnownFileType = sourcecode.swift; path = HeaderView.swift; sourceTree = "<group>"; };
		A200000D000000000000001 /* ImageFile.swift */ = {isa = PBXFileReference; lastKnownFileType = sourcecode.swift; path = ImageFile.swift; sourceTree = "<group>"; };
		A200000E000000000000001 /* ImageFileListView.swift */ = {isa = PBXFileReference; lastKnownFileType = sourcecode.swift; path = ImageFileListView.swift; sourceTree = "<group>"; };
		A200000F000000000000001 /* ImageFileRow.swift */ = {isa = PBXFileReference; lastKnownFileType = sourcecode.swift; path = ImageFileRow.swift; sourceTree = "<group>"; };
		A2000010000000000000001 /* ImageTypes.swift */ = {isa = PBXFileReference; lastKnownFileType = sourcecode.swift; path = ImageTypes.swift; sourceTree = "<group>"; };
		A2000011000000000000001 /* KeyboardShortcuts.swift */ = {isa = PBXFileReference; lastKnownFileType = sourcecode.swift; path = KeyboardShortcuts.swift; sourceTree = "<group>"; };
		A2000012000000000000001 /* LogViewer.swift */ = {isa = PBXFileReference; lastKnownFileType = sourcecode.swift; path = LogViewer.swift; sourceTree = "<group>"; };
		A2000013000000000000001 /* MovrPlusViewModel.swift */ = {isa = PBXFileReference; lastKnownFileType = sourcecode.swift; path = MovrPlusViewModel.swift; sourceTree = "<group>"; };
		A2000014000000000000001 /* ProcessButtonWithProgress.swift */ = {isa = PBXFileReference; lastKnownFileType = sourcecode.swift; path = ProcessButtonWithProgress.swift; sourceTree = "<group>"; };
		A2000015000000000000001 /* ProcessingLog.swift */ = {isa = PBXFileReference; lastKnownFileType = sourcecode.swift; path = ProcessingLog.swift; sourceTree = "<group>"; };
		A2000016000000000000001 /* RecentFilesManager.swift */ = {isa = PBXFileReference; lastKnownFileType = sourcecode.swift; path = RecentFilesManager.swift; sourceTree = "<group>"; };
		A2000017000000000000001 /* StatusToast.swift */ = {isa = PBXFileReference; lastKnownFileType = sourcecode.swift; path = StatusToast.swift; sourceTree = "<group>"; };
		A2000018000000000000001 /* ThumbnailManager.swift */ = {isa = PBXFileReference; lastKnownFileType = sourcecode.swift; path = ThumbnailManager.swift; sourceTree = "<group>"; };
		A2000019000000000000001 /* WorkflowDialogs.swift */ = {isa = PBXFileReference; lastKnownFileType = sourcecode.swift; path = WorkflowDialogs.swift; sourceTree = "<group>"; };
		A200001A000000000000001 /* Movr_Plus.entitlements */ = {isa = PBXFileReference; lastKnownFileType = text.plist.entitlements; path = Movr_Plus.entitlements; sourceTree = "<group>"; };
/* End PBXFileReference section */

/* Begin PBXFrameworksBuildPhase section */
		A4000001000000000000001 /* Frameworks */ = {
			isa = PBXFrameworksBuildPhase;
			buildActionMask = 2147483647;
			files = (
			);
			runOnlyForDeploymentPostprocessing = 0;
		};
/* End PBXFrameworksBuildPhase section */

/* Begin PBXGroup section */
		A5000001000000000000001 = {
			isa = PBXGroup;
			children = (
				A5000002000000000000001 /* Movr Plus */,
				A5000003000000000000001 /* Products */,
			);
			sourceTree = "<group>";
		};
		A5000002000000000000001 /* Movr Plus */ = {
			isa = PBXGroup;
			children = (
				A2000001000000000000001 /* MovrPlusApp.swift */,
				A2000002000000000000001 /* ContentView.swift */,
				A2000005000000000000001 /* AnimatedDropzone.swift */,
				A2000006000000000000001 /* BatchControlComponents.swift */,
				A2000007000000000000001 /* BatchProcessingCoordinator.swift */,
				A2000008000000000000001 /* BatchTypeSelector.swift */,
				A2000009000000000000001 /* DebouncedTextField.swift */,
				A200000A000000000000001 /* DropAreaView.swift */,
				A200000B000000000000001 /* FilterableFileList.swift */,
				A200000C000000000000001 /* HeaderView.swift */,
				A200000D000000000000001 /* ImageFile.swift */,
				A200000E000000000000001 /* ImageFileListView.swift */,
				A200000F000000000000001 /* ImageFileRow.swift */,
				A2000010000000000000001 /* ImageTypes.swift */,
				A2000011000000000000001 /* KeyboardShortcuts.swift */,
				A2000012000000000000001 /* LogViewer.swift */,
				A2000013000000000000001 /* MovrPlusViewModel.swift */,
				A2000014000000000000001 /* ProcessButtonWithProgress.swift */,
				A2000015000000000000001 /* ProcessingLog.swift */,
				A2000016000000000000001 /* RecentFilesManager.swift */,
				A2000017000000000000001 /* StatusToast.swift */,
				A2000018000000000000001 /* ThumbnailManager.swift */,
				A2000019000000000000001 /* WorkflowDialogs.swift */,
				A2000003000000000000001 /* Assets.xcassets */,
				A200001A000000000000001 /* Movr_Plus.entitlements */,
				A5000004000000000000001 /* Preview Content */,
			);
			path = "Movr Plus";
			sourceTree = "<group>";
		};
		A5000003000000000000001 /* Products */ = {
			isa = PBXGroup;
			children = (
				A3000001000000000000001 /* Movr Plus.app */,
			);
			name = Products;
			sourceTree = "<group>";
		};
		A5000004000000000000001 /* Preview Content */ = {
			isa = PBXGroup;
			children = (
				A2000004000000000000001 /* Preview Assets.xcassets */,
			);
			path = "Preview Content";
			sourceTree = "<group>";
		};
/* End PBXGroup section */

/* Begin PBXNativeTarget section */
		A6000001000000000000001 /* Movr Plus */ = {
			isa = PBXNativeTarget;
			buildConfigurationList = A7000001000000000000001 /* Build configuration list for PBXNativeTarget "Movr Plus" */;
			buildPhases = (
				A8000001000000000000001 /* Sources */,
				A4000001000000000000001 /* Frameworks */,
				A9000001000000000000001 /* Resources */,
			);
			buildRules = (
			);
			dependencies = (
			);
			name = "Movr Plus";
			productName = "Movr Plus";
			productReference = A3000001000000000000001 /* Movr Plus.app */;
			productType = "com.apple.product-type.application";
		};
/* End PBXNativeTarget section */

/* Begin PBXProject section */
		A0000001000000000000001 /* Project object */ = {
			isa = PBXProject;
			attributes = {
				BuildIndependentTargetsInParallel = 1;
				LastSwiftUpdateCheck = 1500;
				LastUpgradeCheck = 1500;
				TargetAttributes = {
					A6000001000000000000001 = {
						CreatedOnToolsVersion = 15.0;
					};
				};
			};
			buildConfigurationList = A7000002000000000000001 /* Build configuration list for PBXProject "Movr Plus" */;
			compatibilityVersion = "Xcode 14.0";
			developmentRegion = en;
			hasScannedForEncodings = 0;
			knownRegions = (
				en,
				Base,
			);
			mainGroup = A5000001000000000000001;
			productRefGroup = A5000003000000000000001 /* Products */;
			projectDirPath = "";
			projectRoot = "";
			targets = (
				A6000001000000000000001 /* Movr Plus */,
			);
		};
/* End PBXProject section */

/* Begin PBXResourcesBuildPhase section */
		A9000001000000000000001 /* Resources */ = {
			isa = PBXResourcesBuildPhase;
			buildActionMask = 2147483647;
			files = (
				A1000004000000000000001 /* Preview Assets.xcassets in Resources */,
				A1000003000000000000001 /* Assets.xcassets in Resources */,
			);
			runOnlyForDeploymentPostprocessing = 0;
		};
/* End PBXResourcesBuildPhase section */

/* Begin PBXSourcesBuildPhase section */
		A8000001000000000000001 /* Sources */ = {
			isa = PBXSourcesBuildPhase;
			buildActionMask = 2147483647;
			files = (
				A1000002000000000000001 /* ContentView.swift in Sources */,
				A1000005000000000000001 /* AnimatedDropzone.swift in Sources */,
				A1000006000000000000001 /* BatchControlComponents.swift in Sources */,
				A1000007000000000000001 /* BatchProcessingCoordinator.swift in Sources */,
				A1000008000000000000001 /* BatchTypeSelector.swift in Sources */,
				A1000009000000000000001 /* DebouncedTextField.swift in Sources */,
				A100000A000000000000001 /* DropAreaView.swift in Sources */,
				A100000B000000000000001 /* FilterableFileList.swift in Sources */,
				A100000C000000000000001 /* HeaderView.swift in Sources */,
				A100000D000000000000001 /* ImageFile.swift in Sources */,
				A100000E000000000000001 /* ImageFileListView.swift in Sources */,
				A100000F000000000000001 /* ImageFileRow.swift in Sources */,
				A1000010000000000000001 /* ImageTypes.swift in Sources */,
				A1000011000000000000001 /* KeyboardShortcuts.swift in Sources */,
				A1000012000000000000001 /* LogViewer.swift in Sources */,
				A1000013000000000000001 /* MovrPlusViewModel.swift in Sources */,
				A1000014000000000000001 /* ProcessButtonWithProgress.swift in Sources */,
				A1000015000000000000001 /* ProcessingLog.swift in Sources */,
				A1000016000000000000001 /* RecentFilesManager.swift in Sources */,
				A1000017000000000000001 /* StatusToast.swift in Sources */,
				A1000018000000000000001 /* ThumbnailManager.swift in Sources */,
				A1000019000000000000001 /* WorkflowDialogs.swift in Sources */,
				A1000001000000000000001 /* MovrPlusApp.swift in Sources */,
			);
			runOnlyForDeploymentPostprocessing = 0;
		};
/* End PBXSourcesBuildPhase section */

/* Begin XCBuildConfiguration section */
		A7000003000000000000001 /* Debug */ = {
			isa = XCBuildConfiguration;
			buildSettings = {
				ALWAYS_SEARCH_USER_PATHS = NO;
				ASSETCATALOG_COMPILER_GENERATE_SWIFT_ASSET_SYMBOL_EXTENSIONS = YES;
				CLANG_ANALYZER_NONNULL = YES;
				CLANG_ANALYZER_NUMBER_OBJECT_CONVERSION = YES_AGGRESSIVE;
				CLANG_CXX_LANGUAGE_STANDARD = "gnu++20";
				CLANG_ENABLE_MODULES = YES;
				CLANG_ENABLE_OBJC_ARC = YES;
				CLANG_ENABLE_OBJC_WEAK = YES;
				CLANG_WARN_BLOCK_CAPTURE_AUTORELEASING = YES;
				CLANG_WARN_BOOL_CONVERSION = YES;
				CLANG_WARN_COMMA = YES;
				CLANG_WARN_CONSTANT_CONVERSION = YES;
				CLANG_WARN_DEPRECATED_OBJC_IMPLEMENTATIONS = YES;
				CLANG_WARN_DIRECT_OBJC_ISA_USAGE = YES_ERROR;
				CLANG_WARN_DOCUMENTATION_COMMENTS = YES;
				CLANG_WARN_EMPTY_BODY = YES;
				CLANG_WARN_ENUM_CONVERSION = YES;
				CLANG_WARN_INFINITE_RECURSION = YES;
				CLANG_WARN_INT_CONVERSION = YES;
				CLANG_WARN_NON_LITERAL_NULL_CONVERSION = YES;
				CLANG_WARN_OBJC_IMPLICIT_RETAIN_SELF = YES;
				CLANG_WARN_OBJC_LITERAL_CONVERSION = YES;
				CLANG_WARN_OBJC_ROOT_CLASS = YES_ERROR;
				CLANG_WARN_QUOTED_INCLUDE_IN_FRAMEWORK_HEADER = YES;
				CLANG_WARN_RANGE_LOOP_ANALYSIS = YES;
				CLANG_WARN_STRICT_PROTOTYPES = YES;
				CLANG_WARN_SUSPICIOUS_MOVE = YES;
				CLANG_WARN_UNGUARDED_AVAILABILITY = YES_AGGRESSIVE;
				CLANG_WARN_UNREACHABLE_CODE = YES;
				CLANG_WARN__DUPLICATE_METHOD_MATCH = YES;
				COPY_PHASE_STRIP = NO;
				DEBUG_INFORMATION_FORMAT = dwarf;
				ENABLE_STRICT_OBJC_MSGSEND = YES;
				ENABLE_TESTABILITY = YES;
				ENABLE_USER_SCRIPT_SANDBOXING = YES;
				GCC_C_LANGUAGE_STANDARD = gnu17;
				GCC_DYNAMIC_NO_PIC = NO;
				GCC_NO_COMMON_BLOCKS = YES;
				GCC_OPTIMIZATION_LEVEL = 0;
				GCC_PREPROCESSOR_DEFINITIONS = (
					"DEBUG=1",
					"$(inherited)",
				);
				GCC_WARN_64_TO_32_BIT_CONVERSION = YES;
				GCC_WARN_ABOUT_RETURN_TYPE = YES_ERROR;
				GCC_WARN_UNDECLARED_SELECTOR = YES;
				GCC_WARN_UNINITIALIZED_AUTOS = YES_AGGRESSIVE;
				GCC_WARN_UNUSED_FUNCTION = YES;
				GCC_WARN_UNUSED_VARIABLE = YES;
				LOCALIZATION_PREFERS_STRING_CATALOGS = YES;
				MACOSX_DEPLOYMENT_TARGET = 13.0;
				MTL_ENABLE_DEBUG_INFO = INCLUDE_SOURCE;
				MTL_FAST_MATH = YES;
				ONLY_ACTIVE_ARCH = YES;
				SDKROOT = macosx;
				SWIFT_ACTIVE_COMPILATION_CONDITIONS = "DEBUG $(inherited)";
				SWIFT_OPTIMIZATION_LEVEL = "-Onone";
			};
			name = Debug;
		};
		A7000004000000000000001 /* Release */ = {
			isa = XCBuildConfiguration;
			buildSettings = {
				ALWAYS_SEARCH_USER_PATHS = NO;
				ASSETCATALOG_COMPILER_GENERATE_SWIFT_ASSET_SYMBOL_EXTENSIONS = YES;
				CLANG_ANALYZER_NONNULL = YES;
				CLANG_ANALYZER_NUMBER_OBJECT_CONVERSION = YES_AGGRESSIVE;
				CLANG_CXX_LANGUAGE_STANDARD = "gnu++20";
				CLANG_ENABLE_MODULES = YES;
				CLANG_ENABLE_OBJC_ARC = YES;
				CLANG_ENABLE_OBJC_WEAK = YES;
				CLANG_WARN_BLOCK_CAPTURE_AUTORELEASING = YES;
				CLANG_WARN_BOOL_CONVERSION = YES;
				CLANG_WARN_COMMA = YES;
				CLANG_WARN_CONSTANT_CONVERSION = YES;
				CLANG_WARN_DEPRECATED_OBJC_IMPLEMENTATIONS = YES;
				CLANG_WARN_DIRECT_OBJC_ISA_USAGE = YES_ERROR;
				CLANG_WARN_DOCUMENTATION_COMMENTS = YES;
				CLANG_WARN_EMPTY_BODY = YES;
				CLANG_WARN_ENUM_CONVERSION = YES;
				CLANG_WARN_INFINITE_RECURSION = YES;
				CLANG_WARN_INT_CONVERSION = YES;
				CLANG_WARN_NON_LITERAL_NULL_CONVERSION = YES;
				CLANG_WARN_OBJC_IMPLICIT_RETAIN_SELF = YES;
				CLANG_WARN_OBJC_LITERAL_CONVERSION = YES;
				CLANG_WARN_OBJC_ROOT_CLASS = YES_ERROR;
				CLANG_WARN_QUOTED_INCLUDE_IN_FRAMEWORK_HEADER = YES;
				CLANG_WARN_RANGE_LOOP_ANALYSIS = YES;
				CLANG_WARN_STRICT_PROTOTYPES = YES;
				CLANG_WARN_SUSPICIOUS_MOVE = YES;
				CLANG_WARN_UNGUARDED_AVAILABILITY = YES_AGGRESSIVE;
				CLANG_WARN_UNREACHABLE_CODE = YES;
				CLANG_WARN__DUPLICATE_METHOD_MATCH = YES;
				COPY_PHASE_STRIP = NO;
				DEBUG_INFORMATION_FORMAT = "dwarf-with-dsym";
				ENABLE_NS_ASSERTIONS = NO;
				ENABLE_STRICT_OBJC_MSGSEND = YES;
				ENABLE_USER_SCRIPT_SANDBOXING = YES;
				GCC_C_LANGUAGE_STANDARD = gnu17;
				GCC_NO_COMMON_BLOCKS = YES;
				GCC_WARN_64_TO_32_BIT_CONVERSION = YES;
				GCC_WARN_ABOUT_RETURN_TYPE = YES_ERROR;
				GCC_WARN_UNDECLARED_SELECTOR = YES;
				GCC_WARN_UNINITIALIZED_AUTOS = YES_AGGRESSIVE;
				GCC_WARN_UNUSED_FUNCTION = YES;
				GCC_WARN_UNUSED_VARIABLE = YES;
				LOCALIZATION_PREFERS_STRING_CATALOGS = YES;
				MACOSX_DEPLOYMENT_TARGET = 13.0;
				MTL_ENABLE_DEBUG_INFO = NO;
				MTL_FAST_MATH = YES;
				SDKROOT = macosx;
				SWIFT_COMPILATION_MODE = wholemodule;
			};
			name = Release;
		};
		A7000005000000000000001 /* Debug */ = {
			isa = XCBuildConfiguration;
			buildSettings = {
				ASSETCATALOG_COMPILER_APPICON_NAME = AppIcon;
				ASSETCATALOG_COMPILER_GLOBAL_ACCENT_COLOR_NAME = AccentColor;
				CODE_SIGN_ENTITLEMENTS = Movr_Plus.entitlements;
				CODE_SIGN_STYLE = Automatic;
				COMBINE_HIDPI_IMAGES = YES;
				CURRENT_PROJECT_VERSION = 1;
				DEVELOPMENT_ASSET_PATHS = "\"Preview Content\"";
				ENABLE_PREVIEWS = YES;
				GENERATE_INFOPLIST_FILE = YES;
				INFOPLIST_KEY_CFBundleDisplayName = "Movr Plus";
				INFOPLIST_KEY_LSApplicationCategoryType = "public.app-category.productivity";
				INFOPLIST_KEY_NSHumanReadableCopyright = "";
				INFOPLIST_KEY_NSPrincipalClass = NSApplication;
				LD_RUNPATH_SEARCH_PATHS = (
					"$(inherited)",
					"@executable_path/../Frameworks",
				);
				MARKETING_VERSION = 1.0;
				PRODUCT_BUNDLE_IDENTIFIER = "com.petepfister.Movr-Plus";
				PRODUCT_NAME = "$(TARGET_NAME)";
				SWIFT_EMIT_LOC_STRINGS = YES;
				SWIFT_VERSION = 5.0;
			};
			name = Debug;
		};
		A7000006000000000000001 /* Release */ = {
			isa = XCBuildConfiguration;
			buildSettings = {
				ASSETCATALOG_COMPILER_APPICON_NAME = AppIcon;
				ASSETCATALOG_COMPILER_GLOBAL_ACCENT_COLOR_NAME = AccentColor;
				CODE_SIGN_ENTITLEMENTS = Movr_Plus.entitlements;
				CODE_SIGN_STYLE = Automatic;
				COMBINE_HIDPI_IMAGES = YES;
				CURRENT_PROJECT_VERSION = 1;
				DEVELOPMENT_ASSET_PATHS = "\"Preview Content\"";
				ENABLE_PREVIEWS = YES;
				GENERATE_INFOPLIST_FILE = YES;
				INFOPLIST_KEY_CFBundleDisplayName = "Movr Plus";
				INFOPLIST_KEY_LSApplicationCategoryType = "public.app-category.productivity";
				INFOPLIST_KEY_NSHumanReadableCopyright = "";
				INFOPLIST_KEY_NSPrincipalClass = NSApplication;
				LD_RUNPATH_SEARCH_PATHS = (
					"$(inherited)",
					"@executable_path/../Frameworks",
				);
				MARKETING_VERSION = 1.0;
				PRODUCT_BUNDLE_IDENTIFIER = "com.petepfister.Movr-Plus";
				PRODUCT_NAME = "$(TARGET_NAME)";
				SWIFT_EMIT_LOC_STRINGS = YES;
				SWIFT_VERSION = 5.0;
			};
			name = Release;
		};
/* End XCBuildConfiguration section */

/* Begin XCConfigurationList section */
		A7000001000000000000001 /* Build configuration list for PBXNativeTarget "Movr Plus" */ = {
			isa = XCConfigurationList;
			buildConfigurations = (
				A7000005000000000000001 /* Debug */,
				A7000006000000000000001 /* Release */,
			);
			defaultConfigurationIsVisible = 0;
			defaultConfigurationName = Release;
		};
		A7000002000000000000001 /* Build configuration list for PBXProject "Movr Plus" */ = {
			isa = XCConfigurationList;
			buildConfigurations = (
				A7000003000000000000001 /* Debug */,
				A7000004000000000000001 /* Release */,
			);
			defaultConfigurationIsVisible = 0;
			defaultConfigurationName = Release;
		};
/* End XCConfigurationList section */
	};
	rootObject = A0000001000000000000001 /* Project object */;
}
